// !$*UTF8*$!
{
	archiveVersion = 1;
	classes = {
	};
	objectVersion = 46;
	objects = {

/* Begin PBXBuildFile section */
		90F2424E1401032A00E1B284 /* PictureListViewController.m in Sources */ = {isa = PBXBuildFile; fileRef = 90F2424C1401032A00E1B284 /* PictureListViewController.m */; };
		90F242521401038300E1B284 /* PictureBrowserViewController.m in Sources */ = {isa = PBXBuildFile; fileRef = 90F242511401038300E1B284 /* PictureBrowserViewController.m */; };
		90F24255140103B000E1B284 /* NovelListViewController.m in Sources */ = {isa = PBXBuildFile; fileRef = 90F24254140103B000E1B284 /* NovelListViewController.m */; };
		90F24258140103C400E1B284 /* NovelBrowserViewController.m in Sources */ = {isa = PBXBuildFile; fileRef = 90F24257140103C400E1B284 /* NovelBrowserViewController.m */; };
		90F2425A140103F200E1B284 /* Constant.plist in Resources */ = {isa = PBXBuildFile; fileRef = 90F24259140103F200E1B284 /* Constant.plist */; };
		90F242631401041800E1B284 /* Default.png in Resources */ = {isa = PBXBuildFile; fileRef = 90F2425C1401041800E1B284 /* Default.png */; };
		90F242641401041800E1B284 /* Default2.png in Resources */ = {isa = PBXBuildFile; fileRef = 90F2425D1401041800E1B284 /* Default2.png */; };
		90F242651401041800E1B284 /* Icon.png in Resources */ = {isa = PBXBuildFile; fileRef = 90F2425E1401041800E1B284 /* Icon.png */; };
		90F242661401041800E1B284 /* Icon300.png in Resources */ = {isa = PBXBuildFile; fileRef = 90F2425F1401041800E1B284 /* Icon300.png */; };
		90F242671401041800E1B284 /* IconNovel.png in Resources */ = {isa = PBXBuildFile; fileRef = 90F242601401041800E1B284 /* IconNovel.png */; };
		90F242681401041800E1B284 /* IconPicture.png in Resources */ = {isa = PBXBuildFile; fileRef = 90F242611401041800E1B284 /* IconPicture.png */; };
		90F242691401041800E1B284 /* IconTool.png in Resources */ = {isa = PBXBuildFile; fileRef = 90F242621401041800E1B284 /* IconTool.png */; };
		90F2426C1401045700E1B284 /* ToolViewController.m in Sources */ = {isa = PBXBuildFile; fileRef = 90F2426B1401045700E1B284 /* ToolViewController.m */; };
		90F242771401155D00E1B284 /* PictureCatalogManager.m in Sources */ = {isa = PBXBuildFile; fileRef = 90F242761401155D00E1B284 /* PictureCatalogManager.m */; };
		90F24282140115FC00E1B284 /* SectionObject.m in Sources */ = {isa = PBXBuildFile; fileRef = 90F24281140115FC00E1B284 /* SectionObject.m */; };
		90F242851401160800E1B284 /* PageObject.m in Sources */ = {isa = PBXBuildFile; fileRef = 90F242841401160700E1B284 /* PageObject.m */; };
		90F242881401161400E1B284 /* ItemObject.m in Sources */ = {isa = PBXBuildFile; fileRef = 90F242871401161400E1B284 /* ItemObject.m */; };
		90F2428B1401164F00E1B284 /* Helper.m in Sources */ = {isa = PBXBuildFile; fileRef = 90F2428A1401164F00E1B284 /* Helper.m */; };
		90F2428E1401166500E1B284 /* ThemeManager.m in Sources */ = {isa = PBXBuildFile; fileRef = 90F2428D1401166500E1B284 /* ThemeManager.m */; };
		90F242911401167A00E1B284 /* HTMLTool.m in Sources */ = {isa = PBXBuildFile; fileRef = 90F242901401167A00E1B284 /* HTMLTool.m */; };
		90F242941401169100E1B284 /* HTTPTool.m in Sources */ = {isa = PBXBuildFile; fileRef = 90F242931401169000E1B284 /* HTTPTool.m */; };
		90F242A314012FF700E1B284 /* PictureSectionListViewController.m in Sources */ = {isa = PBXBuildFile; fileRef = 90F242A214012FF600E1B284 /* PictureSectionListViewController.m */; };
		90FD7C3C1400B56F00D33B25 /* UIKit.framework in Frameworks */ = {isa = PBXBuildFile; fileRef = 90FD7C3B1400B56F00D33B25 /* UIKit.framework */; };
		90FD7C3E1400B56F00D33B25 /* Foundation.framework in Frameworks */ = {isa = PBXBuildFile; fileRef = 90FD7C3D1400B56F00D33B25 /* Foundation.framework */; };
		90FD7C401400B56F00D33B25 /* CoreGraphics.framework in Frameworks */ = {isa = PBXBuildFile; fileRef = 90FD7C3F1400B56F00D33B25 /* CoreGraphics.framework */; };
		90FD7C461400B56F00D33B25 /* InfoPlist.strings in Resources */ = {isa = PBXBuildFile; fileRef = 90FD7C441400B56F00D33B25 /* InfoPlist.strings */; };
		90FD7C481400B56F00D33B25 /* main.m in Sources */ = {isa = PBXBuildFile; fileRef = 90FD7C471400B56F00D33B25 /* main.m */; };
		90FD7C6C1400B64300D33B25 /* WolfFriendAppDelegate.m in Sources */ = {isa = PBXBuildFile; fileRef = 90FD7C681400B64300D33B25 /* WolfFriendAppDelegate.m */; };
/* End PBXBuildFile section */

/* Begin PBXFileReference section */
		90F2424B1401032A00E1B284 /* PictureListViewController.h */ = {isa = PBXFileReference; fileEncoding = 4; lastKnownFileType = sourcecode.c.h; path = PictureListViewController.h; sourceTree = "<group>"; };
		90F2424C1401032A00E1B284 /* PictureListViewController.m */ = {isa = PBXFileReference; fileEncoding = 4; lastKnownFileType = sourcecode.c.objc; path = PictureListViewController.m; sourceTree = "<group>"; };
		90F242501401038300E1B284 /* PictureBrowserViewController.h */ = {isa = PBXFileReference; fileEncoding = 4; lastKnownFileType = sourcecode.c.h; path = PictureBrowserViewController.h; sourceTree = "<group>"; };
		90F242511401038300E1B284 /* PictureBrowserViewController.m */ = {isa = PBXFileReference; fileEncoding = 4; lastKnownFileType = sourcecode.c.objc; path = PictureBrowserViewController.m; sourceTree = "<group>"; };
		90F24253140103B000E1B284 /* NovelListViewController.h */ = {isa = PBXFileReference; fileEncoding = 4; lastKnownFileType = sourcecode.c.h; path = NovelListViewController.h; sourceTree = "<group>"; };
		90F24254140103B000E1B284 /* NovelListViewController.m */ = {isa = PBXFileReference; fileEncoding = 4; lastKnownFileType = sourcecode.c.objc; path = NovelListViewController.m; sourceTree = "<group>"; };
		90F24256140103C400E1B284 /* NovelBrowserViewController.h */ = {isa = PBXFileReference; fileEncoding = 4; lastKnownFileType = sourcecode.c.h; path = NovelBrowserViewController.h; sourceTree = "<group>"; };
		90F24257140103C400E1B284 /* NovelBrowserViewController.m */ = {isa = PBXFileReference; fileEncoding = 4; lastKnownFileType = sourcecode.c.objc; path = NovelBrowserViewController.m; sourceTree = "<group>"; };
		90F24259140103F200E1B284 /* Constant.plist */ = {isa = PBXFileReference; fileEncoding = 4; lastKnownFileType = text.plist.xml; path = Constant.plist; sourceTree = "<group>"; };
		90F2425C1401041800E1B284 /* Default.png */ = {isa = PBXFileReference; lastKnownFileType = image.png; path = Default.png; sourceTree = "<group>"; };
		90F2425D1401041800E1B284 /* Default2.png */ = {isa = PBXFileReference; lastKnownFileType = image.png; path = Default2.png; sourceTree = "<group>"; };
		90F2425E1401041800E1B284 /* Icon.png */ = {isa = PBXFileReference; lastKnownFileType = image.png; path = Icon.png; sourceTree = "<group>"; };
		90F2425F1401041800E1B284 /* Icon300.png */ = {isa = PBXFileReference; lastKnownFileType = image.png; path = Icon300.png; sourceTree = "<group>"; };
		90F242601401041800E1B284 /* IconNovel.png */ = {isa = PBXFileReference; lastKnownFileType = image.png; path = IconNovel.png; sourceTree = "<group>"; };
		90F242611401041800E1B284 /* IconPicture.png */ = {isa = PBXFileReference; lastKnownFileType = image.png; path = IconPicture.png; sourceTree = "<group>"; };
		90F242621401041800E1B284 /* IconTool.png */ = {isa = PBXFileReference; lastKnownFileType = image.png; path = IconTool.png; sourceTree = "<group>"; };
		90F2426A1401045600E1B284 /* ToolViewController.h */ = {isa = PBXFileReference; fileEncoding = 4; lastKnownFileType = sourcecode.c.h; path = ToolViewController.h; sourceTree = "<group>"; };
		90F2426B1401045700E1B284 /* ToolViewController.m */ = {isa = PBXFileReference; fileEncoding = 4; lastKnownFileType = sourcecode.c.objc; path = ToolViewController.m; sourceTree = "<group>"; };
		90F242751401155D00E1B284 /* PictureCatalogManager.h */ = {isa = PBXFileReference; fileEncoding = 4; lastKnownFileType = sourcecode.c.h; path = PictureCatalogManager.h; sourceTree = "<group>"; };
		90F242761401155D00E1B284 /* PictureCatalogManager.m */ = {isa = PBXFileReference; fileEncoding = 4; lastKnownFileType = sourcecode.c.objc; path = PictureCatalogManager.m; sourceTree = "<group>"; };
		90F24280140115FC00E1B284 /* SectionObject.h */ = {isa = PBXFileReference; fileEncoding = 4; lastKnownFileType = sourcecode.c.h; path = SectionObject.h; sourceTree = "<group>"; };
		90F24281140115FC00E1B284 /* SectionObject.m */ = {isa = PBXFileReference; fileEncoding = 4; lastKnownFileType = sourcecode.c.objc; path = SectionObject.m; sourceTree = "<group>"; };
		90F242831401160700E1B284 /* PageObject.h */ = {isa = PBXFileReference; fileEncoding = 4; lastKnownFileType = sourcecode.c.h; path = PageObject.h; sourceTree = "<group>"; };
		90F242841401160700E1B284 /* PageObject.m */ = {isa = PBXFileReference; fileEncoding = 4; lastKnownFileType = sourcecode.c.objc; path = PageObject.m; sourceTree = "<group>"; };
		90F242861401161400E1B284 /* ItemObject.h */ = {isa = PBXFileReference; fileEncoding = 4; lastKnownFileType = sourcecode.c.h; path = ItemObject.h; sourceTree = "<group>"; };
		90F242871401161400E1B284 /* ItemObject.m */ = {isa = PBXFileReference; fileEncoding = 4; lastKnownFileType = sourcecode.c.objc; path = ItemObject.m; sourceTree = "<group>"; };
		90F242891401164F00E1B284 /* Helper.h */ = {isa = PBXFileReference; fileEncoding = 4; lastKnownFileType = sourcecode.c.h; path = Helper.h; sourceTree = "<group>"; };
		90F2428A1401164F00E1B284 /* Helper.m */ = {isa = PBXFileReference; fileEncoding = 4; lastKnownFileType = sourcecode.c.objc; path = Helper.m; sourceTree = "<group>"; };
		90F2428C1401166500E1B284 /* ThemeManager.h */ = {isa = PBXFileReference; fileEncoding = 4; lastKnownFileType = sourcecode.c.h; path = ThemeManager.h; sourceTree = "<group>"; };
		90F2428D1401166500E1B284 /* ThemeManager.m */ = {isa = PBXFileReference; fileEncoding = 4; lastKnownFileType = sourcecode.c.objc; path = ThemeManager.m; sourceTree = "<group>"; };
		90F2428F1401167900E1B284 /* HTMLTool.h */ = {isa = PBXFileReference; fileEncoding = 4; lastKnownFileType = sourcecode.c.h; path = HTMLTool.h; sourceTree = "<group>"; };
		90F242901401167A00E1B284 /* HTMLTool.m */ = {isa = PBXFileReference; fileEncoding = 4; lastKnownFileType = sourcecode.c.objc; path = HTMLTool.m; sourceTree = "<group>"; };
		90F242921401169000E1B284 /* HTTPTool.h */ = {isa = PBXFileReference; fileEncoding = 4; lastKnownFileType = sourcecode.c.h; path = HTTPTool.h; sourceTree = "<group>"; };
		90F242931401169000E1B284 /* HTTPTool.m */ = {isa = PBXFileReference; fileEncoding = 4; lastKnownFileType = sourcecode.c.objc; path = HTTPTool.m; sourceTree = "<group>"; };
		90F242A114012FF600E1B284 /* PictureSectionListViewController.h */ = {isa = PBXFileReference; fileEncoding = 4; path = PictureSectionListViewController.h; sourceTree = "<group>"; };
		90F242A214012FF600E1B284 /* PictureSectionListViewController.m */ = {isa = PBXFileReference; fileEncoding = 4; lastKnownFileType = sourcecode.c.objc; path = PictureSectionListViewController.m; sourceTree = "<group>"; };
		90FD7C371400B56F00D33B25 /* WolfFriend.app */ = {isa = PBXFileReference; explicitFileType = wrapper.application; includeInIndex = 0; path = WolfFriend.app; sourceTree = BUILT_PRODUCTS_DIR; };
		90FD7C3B1400B56F00D33B25 /* UIKit.framework */ = {isa = PBXFileReference; lastKnownFileType = wrapper.framework; name = UIKit.framework; path = System/Library/Frameworks/UIKit.framework; sourceTree = SDKROOT; };
		90FD7C3D1400B56F00D33B25 /* Foundation.framework */ = {isa = PBXFileReference; lastKnownFileType = wrapper.framework; name = Foundation.framework; path = System/Library/Frameworks/Foundation.framework; sourceTree = SDKROOT; };
		90FD7C3F1400B56F00D33B25 /* CoreGraphics.framework */ = {isa = PBXFileReference; lastKnownFileType = wrapper.framework; name = CoreGraphics.framework; path = System/Library/Frameworks/CoreGraphics.framework; sourceTree = SDKROOT; };
		90FD7C431400B56F00D33B25 /* WolfFriend-Info.plist */ = {isa = PBXFileReference; lastKnownFileType = text.plist.xml; path = "WolfFriend-Info.plist"; sourceTree = "<group>"; };
		90FD7C451400B56F00D33B25 /* en */ = {isa = PBXFileReference; lastKnownFileType = text.plist.strings; name = en; path = en.lproj/InfoPlist.strings; sourceTree = "<group>"; };
		90FD7C471400B56F00D33B25 /* main.m */ = {isa = PBXFileReference; lastKnownFileType = sourcecode.c.objc; path = main.m; sourceTree = "<group>"; };
		90FD7C491400B56F00D33B25 /* WolfFriend-Prefix.pch */ = {isa = PBXFileReference; lastKnownFileType = sourcecode.c.h; path = "WolfFriend-Prefix.pch"; sourceTree = "<group>"; };
		90FD7C671400B64300D33B25 /* WolfFriendAppDelegate.h */ = {isa = PBXFileReference; fileEncoding = 4; lastKnownFileType = sourcecode.c.h; path = WolfFriendAppDelegate.h; sourceTree = "<group>"; };
		90FD7C681400B64300D33B25 /* WolfFriendAppDelegate.m */ = {isa = PBXFileReference; fileEncoding = 4; lastKnownFileType = sourcecode.c.objc; path = WolfFriendAppDelegate.m; sourceTree = "<group>"; };
		90FD7C7E1400E14E00D33B25 /* zh-Hans */ = {isa = PBXFileReference; lastKnownFileType = text.plist.strings; name = "zh-Hans"; path = "/Users/jcccn/Projects/Interesting/WolfFriend/WolfFriend/zh-Hans.lproj/InfoPlist.strings"; sourceTree = "<absolute>"; };
		90FD7C831400E1B100D33B25 /* zh-Hant */ = {isa = PBXFileReference; lastKnownFileType = text.plist.strings; name = "zh-Hant"; path = "/Users/jcccn/Projects/Interesting/WolfFriend/WolfFriend/zh-Hant.lproj/InfoPlist.strings"; sourceTree = "<absolute>"; };
/* End PBXFileReference section */

/* Begin PBXFrameworksBuildPhase section */
		90FD7C341400B56F00D33B25 /* Frameworks */ = {
			isa = PBXFrameworksBuildPhase;
			buildActionMask = 2147483647;
			files = (
				90FD7C3C1400B56F00D33B25 /* UIKit.framework in Frameworks */,
				90FD7C3E1400B56F00D33B25 /* Foundation.framework in Frameworks */,
				90FD7C401400B56F00D33B25 /* CoreGraphics.framework in Frameworks */,
			);
			runOnlyForDeploymentPostprocessing = 0;
		};
/* End PBXFrameworksBuildPhase section */

/* Begin PBXGroup section */
		90F2425B1401041800E1B284 /* Images */ = {
			isa = PBXGroup;
			children = (
				90F2425C1401041800E1B284 /* Default.png */,
				90F2425D1401041800E1B284 /* Default2.png */,
				90F2425E1401041800E1B284 /* Icon.png */,
				90F2425F1401041800E1B284 /* Icon300.png */,
				90F242601401041800E1B284 /* IconNovel.png */,
				90F242611401041800E1B284 /* IconPicture.png */,
				90F242621401041800E1B284 /* IconTool.png */,
			);
			path = Images;
			sourceTree = "<group>";
		};
		90F242711401142100E1B284 /* ViewController */ = {
			isa = PBXGroup;
			children = (
				90F242A114012FF600E1B284 /* PictureSectionListViewController.h */,
				90F242A214012FF600E1B284 /* PictureSectionListViewController.m */,
				90F2424B1401032A00E1B284 /* PictureListViewController.h */,
				90F2424C1401032A00E1B284 /* PictureListViewController.m */,
				90F242501401038300E1B284 /* PictureBrowserViewController.h */,
				90F242511401038300E1B284 /* PictureBrowserViewController.m */,
				90F24253140103B000E1B284 /* NovelListViewController.h */,
				90F24254140103B000E1B284 /* NovelListViewController.m */,
				90F24256140103C400E1B284 /* NovelBrowserViewController.h */,
				90F24257140103C400E1B284 /* NovelBrowserViewController.m */,
				90F2426A1401045600E1B284 /* ToolViewController.h */,
				90F2426B1401045700E1B284 /* ToolViewController.m */,
				90F2428C1401166500E1B284 /* ThemeManager.h */,
				90F2428D1401166500E1B284 /* ThemeManager.m */,
			);
			name = ViewController;
			sourceTree = "<group>";
		};
		90F242731401143A00E1B284 /* Model */ = {
			isa = PBXGroup;
			children = (
				90F242751401155D00E1B284 /* PictureCatalogManager.h */,
				90F242761401155D00E1B284 /* PictureCatalogManager.m */,
				90F24280140115FC00E1B284 /* SectionObject.h */,
				90F24281140115FC00E1B284 /* SectionObject.m */,
				90F242831401160700E1B284 /* PageObject.h */,
				90F242841401160700E1B284 /* PageObject.m */,
				90F242861401161400E1B284 /* ItemObject.h */,
				90F242871401161400E1B284 /* ItemObject.m */,
				90F242891401164F00E1B284 /* Helper.h */,
				90F2428A1401164F00E1B284 /* Helper.m */,
				90F2428F1401167900E1B284 /* HTMLTool.h */,
				90F242901401167A00E1B284 /* HTMLTool.m */,
				90F242921401169000E1B284 /* HTTPTool.h */,
				90F242931401169000E1B284 /* HTTPTool.m */,
			);
			name = Model;
			sourceTree = "<group>";
		};
		90FD7C2C1400B56F00D33B25 = {
			isa = PBXGroup;
			children = (
				90FD7C411400B56F00D33B25 /* WolfFriend */,
				90FD7C3A1400B56F00D33B25 /* Frameworks */,
				90FD7C381400B56F00D33B25 /* Products */,
			);
			sourceTree = "<group>";
		};
		90FD7C381400B56F00D33B25 /* Products */ = {
			isa = PBXGroup;
			children = (
				90FD7C371400B56F00D33B25 /* WolfFriend.app */,
			);
			name = Products;
			sourceTree = "<group>";
		};
		90FD7C3A1400B56F00D33B25 /* Frameworks */ = {
			isa = PBXGroup;
			children = (
				90FD7C3B1400B56F00D33B25 /* UIKit.framework */,
				90FD7C3D1400B56F00D33B25 /* Foundation.framework */,
				90FD7C3F1400B56F00D33B25 /* CoreGraphics.framework */,
			);
			name = Frameworks;
			sourceTree = "<group>";
		};
		90FD7C411400B56F00D33B25 /* WolfFriend */ = {
			isa = PBXGroup;
			children = (
				90FD7C611400B64300D33B25 /* Classes */,
				90FD7C861400EE2900D33B25 /* Resources */,
				90FD7C421400B56F00D33B25 /* Supporting Files */,
			);
			path = WolfFriend;
			sourceTree = "<group>";
		};
		90FD7C421400B56F00D33B25 /* Supporting Files */ = {
			isa = PBXGroup;
			children = (
				90FD7C431400B56F00D33B25 /* WolfFriend-Info.plist */,
				90FD7C441400B56F00D33B25 /* InfoPlist.strings */,
				90FD7C471400B56F00D33B25 /* main.m */,
				90FD7C491400B56F00D33B25 /* WolfFriend-Prefix.pch */,
			);
			name = "Supporting Files";
			sourceTree = "<group>";
		};
		90FD7C611400B64300D33B25 /* Classes */ = {
			isa = PBXGroup;
			children = (
				90FD7C671400B64300D33B25 /* WolfFriendAppDelegate.h */,
				90FD7C681400B64300D33B25 /* WolfFriendAppDelegate.m */,
				90F242731401143A00E1B284 /* Model */,
				90F242711401142100E1B284 /* ViewController */,
			);
			path = Classes;
			sourceTree = "<group>";
		};
		90FD7C861400EE2900D33B25 /* Resources */ = {
			isa = PBXGroup;
			children = (
				90F2425B1401041800E1B284 /* Images */,
				90F24259140103F200E1B284 /* Constant.plist */,
			);
			path = Resources;
			sourceTree = "<group>";
		};
/* End PBXGroup section */

/* Begin PBXNativeTarget section */
		90FD7C361400B56F00D33B25 /* WolfFriend */ = {
			isa = PBXNativeTarget;
			buildConfigurationList = 90FD7C5E1400B56F00D33B25 /* Build configuration list for PBXNativeTarget "WolfFriend" */;
			buildPhases = (
				90FD7C331400B56F00D33B25 /* Sources */,
				90FD7C341400B56F00D33B25 /* Frameworks */,
				90FD7C351400B56F00D33B25 /* Resources */,
			);
			buildRules = (
			);
			dependencies = (
			);
			name = WolfFriend;
			productName = WolfFriend;
			productReference = 90FD7C371400B56F00D33B25 /* WolfFriend.app */;
			productType = "com.apple.product-type.application";
		};
/* End PBXNativeTarget section */

/* Begin PBXProject section */
		90FD7C2E1400B56F00D33B25 /* Project object */ = {
			isa = PBXProject;
			attributes = {
				ORGANIZATIONNAME = SenseForce;
			};
			buildConfigurationList = 90FD7C311400B56F00D33B25 /* Build configuration list for PBXProject "WolfFriend" */;
			compatibilityVersion = "Xcode 3.2";
			developmentRegion = English;
			hasScannedForEncodings = 0;
			knownRegions = (
				en,
			);
			mainGroup = 90FD7C2C1400B56F00D33B25;
			productRefGroup = 90FD7C381400B56F00D33B25 /* Products */;
			projectDirPath = "";
			projectRoot = "";
			targets = (
				90FD7C361400B56F00D33B25 /* WolfFriend */,
			);
		};
/* End PBXProject section */

/* Begin PBXResourcesBuildPhase section */
		90FD7C351400B56F00D33B25 /* Resources */ = {
			isa = PBXResourcesBuildPhase;
			buildActionMask = 2147483647;
			files = (
				90FD7C461400B56F00D33B25 /* InfoPlist.strings in Resources */,
				90F2425A140103F200E1B284 /* Constant.plist in Resources */,
				90F242631401041800E1B284 /* Default.png in Resources */,
				90F242641401041800E1B284 /* Default2.png in Resources */,
				90F242651401041800E1B284 /* Icon.png in Resources */,
				90F242661401041800E1B284 /* Icon300.png in Resources */,
				90F242671401041800E1B284 /* IconNovel.png in Resources */,
				90F242681401041800E1B284 /* IconPicture.png in Resources */,
				90F242691401041800E1B284 /* IconTool.png in Resources */,
			);
			runOnlyForDeploymentPostprocessing = 0;
		};
/* End PBXResourcesBuildPhase section */

/* Begin PBXSourcesBuildPhase section */
		90FD7C331400B56F00D33B25 /* Sources */ = {
			isa = PBXSourcesBuildPhase;
			buildActionMask = 2147483647;
			files = (
				90FD7C481400B56F00D33B25 /* main.m in Sources */,
				90FD7C6C1400B64300D33B25 /* WolfFriendAppDelegate.m in Sources */,
				90F2424E1401032A00E1B284 /* PictureListViewController.m in Sources */,
				90F242521401038300E1B284 /* PictureBrowserViewController.m in Sources */,
				90F24255140103B000E1B284 /* NovelListViewController.m in Sources */,
				90F24258140103C400E1B284 /* NovelBrowserViewController.m in Sources */,
				90F2426C1401045700E1B284 /* ToolViewController.m in Sources */,
				90F242771401155D00E1B284 /* PictureCatalogManager.m in Sources */,
				90F24282140115FC00E1B284 /* SectionObject.m in Sources */,
				90F242851401160800E1B284 /* PageObject.m in Sources */,
				90F242881401161400E1B284 /* ItemObject.m in Sources */,
				90F2428B1401164F00E1B284 /* Helper.m in Sources */,
				90F2428E1401166500E1B284 /* ThemeManager.m in Sources */,
				90F242911401167A00E1B284 /* HTMLTool.m in Sources */,
				90F242941401169100E1B284 /* HTTPTool.m in Sources */,
				90F242A314012FF700E1B284 /* PictureSectionListViewController.m in Sources */,
			);
			runOnlyForDeploymentPostprocessing = 0;
		};
/* End PBXSourcesBuildPhase section */

/* Begin PBXVariantGroup section */
		90FD7C441400B56F00D33B25 /* InfoPlist.strings */ = {
			isa = PBXVariantGroup;
			children = (
				90FD7C451400B56F00D33B25 /* en */,
				90FD7C7E1400E14E00D33B25 /* zh-Hans */,
				90FD7C831400E1B100D33B25 /* zh-Hant */,
			);
			name = InfoPlist.strings;
			sourceTree = "<group>";
		};
/* End PBXVariantGroup section */

/* Begin XCBuildConfiguration section */
		90FD7C5C1400B56F00D33B25 /* Debug */ = {
			isa = XCBuildConfiguration;
			buildSettings = {
				ALWAYS_SEARCH_USER_PATHS = NO;
				ARCHS = "$(ARCHS_STANDARD_32_BIT)";
				"CODE_SIGN_IDENTITY[sdk=iphoneos*]" = "iPhone Developer";
				COPY_PHASE_STRIP = NO;
				GCC_C_LANGUAGE_STANDARD = gnu99;
				GCC_DYNAMIC_NO_PIC = NO;
				GCC_OPTIMIZATION_LEVEL = 0;
				GCC_PREPROCESSOR_DEFINITIONS = (
					"DEBUG=1",
					"$(inherited)",
				);
				GCC_SYMBOLS_PRIVATE_EXTERN = NO;
				GCC_VERSION = com.apple.compilers.llvmgcc42;
				GCC_WARN_ABOUT_MISSING_PROTOTYPES = YES;
				GCC_WARN_ABOUT_RETURN_TYPE = YES;
				GCC_WARN_UNUSED_VARIABLE = YES;
				IPHONEOS_DEPLOYMENT_TARGET = 4.0;
				SDKROOT = iphoneos;
			};
			name = Debug;
		};
		90FD7C5D1400B56F00D33B25 /* Release */ = {
			isa = XCBuildConfiguration;
			buildSettings = {
				ALWAYS_SEARCH_USER_PATHS = NO;
				ARCHS = "$(ARCHS_STANDARD_32_BIT)";
				"CODE_SIGN_IDENTITY[sdk=iphoneos*]" = "iPhone Developer";
				COPY_PHASE_STRIP = YES;
				GCC_C_LANGUAGE_STANDARD = gnu99;
				GCC_VERSION = com.apple.compilers.llvmgcc42;
				GCC_WARN_ABOUT_MISSING_PROTOTYPES = YES;
				GCC_WARN_ABOUT_RETURN_TYPE = YES;
				GCC_WARN_UNUSED_VARIABLE = YES;
				IPHONEOS_DEPLOYMENT_TARGET = 4.0;
				OTHER_CFLAGS = "-DNS_BLOCK_ASSERTIONS=1";
				SDKROOT = iphoneos;
				VALIDATE_PRODUCT = YES;
			};
			name = Release;
		};
		90FD7C5F1400B56F00D33B25 /* Debug */ = {
			isa = XCBuildConfiguration;
			buildSettings = {
				GCC_PRECOMPILE_PREFIX_HEADER = YES;
				GCC_PREFIX_HEADER = "WolfFriend/WolfFriend-Prefix.pch";
				INFOPLIST_FILE = "WolfFriend/WolfFriend-Info.plist";
				IPHONEOS_DEPLOYMENT_TARGET = 4.0;
				PRODUCT_NAME = "$(TARGET_NAME)";
				WRAPPER_EXTENSION = app;
			};
			name = Debug;
		};
		90FD7C601400B56F00D33B25 /* Release */ = {
			isa = XCBuildConfiguration;
			buildSettings = {
				GCC_PRECOMPILE_PREFIX_HEADER = YES;
				GCC_PREFIX_HEADER = "WolfFriend/WolfFriend-Prefix.pch";
				INFOPLIST_FILE = "WolfFriend/WolfFriend-Info.plist";
				IPHONEOS_DEPLOYMENT_TARGET = 4.0;
				PRODUCT_NAME = "$(TARGET_NAME)";
				WRAPPER_EXTENSION = app;
			};
			name = Release;
		};
/* End XCBuildConfiguration section */

/* Begin XCConfigurationList section */
		90FD7C311400B56F00D33B25 /* Build configuration list for PBXProject "WolfFriend" */ = {
			isa = XCConfigurationList;
			buildConfigurations = (
				90FD7C5C1400B56F00D33B25 /* Debug */,
				90FD7C5D1400B56F00D33B25 /* Release */,
			);
			defaultConfigurationIsVisible = 0;
			defaultConfigurationName = Release;
		};
		90FD7C5E1400B56F00D33B25 /* Build configuration list for PBXNativeTarget "WolfFriend" */ = {
			isa = XCConfigurationList;
			buildConfigurations = (
				90FD7C5F1400B56F00D33B25 /* Debug */,
				90FD7C601400B56F00D33B25 /* Release */,
			);
			defaultConfigurationIsVisible = 0;
			defaultConfigurationName = Release;
		};
/* End XCConfigurationList section */
	};
	rootObject = 90FD7C2E1400B56F00D33B25 /* Project object */;
}
